DEPENDENCIES
  apt
  ark
  metroextractor
    path: .
    metadata: true
  osm2pgsql
    git: git://github.com/mapzen/chef-osm2pgsql.git
    revision: 7a9788de028bca9419480f52759bd98249162e8d
  osmosis
    git: git://github.com/mapzen/chef-osmosis.git
    revision: 029df8c5a26beaa9b77079fa5ef7fdfcd5e2a839
  postgresql
    git: git://github.com/phlipper/chef-postgresql.git
    revision: 17705405a77b2d35c829cceaf99d14534d9c5706
    tag: v0.14.1
  python
  user

GRAPH
  7-zip (1.0.2)
    windows (>= 1.2.2)
  apt (2.6.1)
  ark (0.9.0)
    7-zip (>= 0.0.0)
    windows (>= 0.0.0)
  build-essential (2.1.3)
  chef_handler (1.1.6)
  java (1.29.0)
  metroextractor (0.16.0)
    apt (>= 0.0.0)
    ark (>= 0.0.0)
    osm2pgsql (>= 0.0.0)
    osmosis (>= 0.0.0)
    postgresql (>= 0.0.0)
    python (>= 0.0.0)
    user (>= 0.0.0)
  osm2pgsql (0.5.2)
    apt (>= 0.0.0)
    ark (>= 0.0.0)
  osmosis (0.6.0)
    apt (>= 0.0.0)
    ark (>= 0.0.0)
    java (>= 0.0.0)
  postgresql (0.14.1)
    apt (>= 1.9.0)
  python (1.4.6)
    build-essential (>= 0.0.0)
    yum-epel (>= 0.0.0)
  user (0.3.0)
  windows (1.36.1)
    chef_handler (>= 0.0.0)
  yum (3.5.2)
  yum-epel (0.6.0)
    yum (~> 3.0)
