DEPENDENCIES
  apt
  ark
  metroextractor
    path: .
    metadata: true
  osm2pgsql
    git: git://github.com/mapzen/chef-osm2pgsql.git
    revision: 69b933b7074b4531183a8b4d99b938300664e177
  postgresql
    git: git://github.com/phlipper/chef-postgresql.git
    revision: 13a8c2ff4ec2b778a29ac4891740806807ce6e6f
    tag: v0.16.1
  python
  user

GRAPH
  apt (4.0.0)
    compat_resource (>= 0.0.0)
  ark (1.1.0)
    build-essential (>= 0.0.0)
    seven_zip (>= 0.0.0)
    windows (>= 0.0.0)
  build-essential (6.0.0)
    compat_resource (>= 12.10)
    mingw (>= 1.1)
    seven_zip (>= 0.0.0)
  chef_handler (1.4.0)
  compat_resource (12.10.6)
  metroextractor (0.19.0)
    apt (>= 0.0.0)
    ark (>= 0.0.0)
    osm2pgsql (>= 0.0.0)
    postgresql (>= 0.0.0)
    python (>= 0.0.0)
    user (>= 0.0.0)
  mingw (1.1.0)
    compat_resource (>= 0.0.0)
    seven_zip (>= 0.0.0)
  osm2pgsql (0.5.4)
    apt (>= 0.0.0)
    ark (>= 0.0.0)
  postgresql (0.16.1)
    apt (>= 1.9.0)
  python (1.4.6)
    build-essential (>= 0.0.0)
    yum-epel (>= 0.0.0)
  seven_zip (2.0.1)
    windows (>= 1.2.2)
  user (0.4.2)
  windows (1.43.0)
    chef_handler (>= 0.0.0)
  yum (3.11.0)
  yum-epel (0.7.0)
    yum (>= 3.6.3)
